{
  "name": "express.js",
  "version": "1.0.0",
  "lockfileVersion": 3,
  "requires": true,
  "packages": {
    "": {
      "name": "express.js",
      "version": "1.0.0",
      "license": "ISC",
      "dependencies": {
        "express": "^5.1.0"
      },
      "devDependencies": {
        "jest": "^29.7.0",
        "supertest": "^6.3.3"
      }
    },
    "node_modules/accepts": {
      "version": "2.0.0",
      "resolved": "https://registry.npmjs.org/accepts/-/accepts-2.0.0.tgz",
      "integrity": "sha512-5cvg6CtKwfgdmVqY1WIiXKc3Q1bkRqGLi+2W/6ao+6Y7gu/RCwRuAhGEzh5B4KlszSuTLgZYuqFqo5bImjNKng==",
      "license": "MIT",
      "dependencies": {
        "mime-types": "^3.0.0",
        "negotiator": "^1.0.0"
      },
      "engines": {
        "node": ">= 0.6"
      }
    },
    // ... (other existing dependencies remain)
    "node_modules/jest": {
      "version": "29.7.0",
      "resolved": "https://registry.npmjs.org/jest/-/jest-29.7.0.tgz",
      "integrity": "sha512-NIy3oAFp9shda19hy4HK0HRTWKtPJmG4CdzT/osQSy6HrmyaxfY5R8GtdhSZyAaYSvRNS/hdIhmPJPqg2Z+KVg==",
      "license": "MIT",
      "dependencies": {
        // Jest dependencies
      },
      "engines": {
        "node": "^14.15.0 || ^16.10.0 || >=18.0.0"
      }
    },
    "node_modules/supertest": {
      "version": "6.3.3",
      "resolved": "https://registry.npmjs.org/supertest/-/supertest-6.3.3.tgz",
      "integrity": "sha512-EMCG6G8gDu5qApEFBbsZjlWpTK3WQAsiY4ZeY4S5Nqvi+cxG5fSyf b6A/Sx3rX0LY5u5fI+jE3g/7wT74ebYjw==",
      "license": "MIT",
      "dependencies": {
        "methods": "^1.1.2",
        "superagent": "^8.0.9"
      },
      "engines": {
        "node": ">=6.4.0"
      }
    }
    // ... (other existing dependencies remain)
  }
}